
Microsoft Visual Studio Solution File, Format Version 12.00
# Visual Studio Version 17
VisualStudioVersion = 17.5.002.0
MinimumVisualStudioVersion = 10.0.40219.1
Project("{2150E333-8FDC-42A3-9474-1A3956D46DE8}") = "src", "src", "{81609865-6043-4841-9551-6C91B498F25C}"
EndProject
Project("{9A19103F-16F7-4668-BE54-9A1E7A4F7556}") = "Play.Catalog.Service", "src\Play.Catalog.Service\Play.Catalog.Service.csproj", "{607B5055-FF20-4DC2-ADAC-0570C9A03AB1}"
EndProject
Global
	GlobalSection(SolutionConfigurationPlatforms) = preSolution
		Debug|Any CPU = Debug|Any CPU
		Release|Any CPU = Release|Any CPU
	EndGlobalSection
	GlobalSection(ProjectConfigurationPlatforms) = postSolution
		{607B5055-FF20-4DC2-ADAC-0570C9A03AB1}.Debug|Any CPU.ActiveCfg = Debug|Any CPU
		{607B5055-FF20-4DC2-ADAC-0570C9A03AB1}.Debug|Any CPU.Build.0 = Debug|Any CPU
		{607B5055-FF20-4DC2-ADAC-0570C9A03AB1}.Release|Any CPU.ActiveCfg = Release|Any CPU
		{607B5055-FF20-4DC2-ADAC-0570C9A03AB1}.Release|Any CPU.Build.0 = Release|Any CPU
	EndGlobalSection
	GlobalSection(SolutionProperties) = preSolution
		HideSolutionNode = FALSE
	EndGlobalSection
	GlobalSection(NestedProjects) = preSolution
		{607B5055-FF20-4DC2-ADAC-0570C9A03AB1} = {81609865-6043-4841-9551-6C91B498F25C}
	EndGlobalSection
	GlobalSection(ExtensibilityGlobals) = postSolution
		SolutionGuid = {3451C52A-4D26-43F2-8548-ADB64764BE66}
	EndGlobalSection
EndGlobal
